Microsoft Visual Studio Solution File, Format Version 12.00
# Visual Studio Version 16
VisualStudioVersion = 16.0.29728.190
MinimumVisualStudioVersion = 10.0.40219.1
Project("{9A19103F-16F7-4668-BE54-9A1E7A4F7556}") = "SystemAPI", "SystemAPI\SystemAPI.csproj", "{3199EE63-DD92-463A-8EA8-8A8569DD1F60}"
EndProject
Project("{9A19103F-16F7-4668-BE54-9A1E7A4F7556}") = "SystemUI", "SystemUI\SystemUI.csproj", "{3133E8A9-BB6A-47C7-B677-74B45D18412B}"
EndProject
Project("{9A19103F-16F7-4668-BE54-9A1E7A4F7556}") = "EFDataModels", "EFDataModels\EFDataModels.csproj", "{76BCB7A3-5C8F-49ED-8C41-289F6DEAB2E7}"
EndProject
Project("{2150E333-8FDC-42A3-9474-1A3956D46DE8}") = "Services", "Services", "{221F8023-4523-4E83-87A6-6B954548938F}"
EndProject
Project("{9A19103F-16F7-4668-BE54-9A1E7A4F7556}") = "ModelQueueHostedService", "ModelQueueHostedService\ModelQueueHostedService.csproj", "{DC047B38-9CFD-4A80-8D60-4F2DE183E018}"
EndProject
Project("{9A19103F-16F7-4668-BE54-9A1E7A4F7556}") = "ServicesLibrary", "ServicesLibrary\ServicesLibrary.csproj", "{9E578990-21F4-4D46-8650-A822F10A6194}"
EndProject
Project("{2150E333-8FDC-42A3-9474-1A3956D46DE8}") = "Solution Items", "Solution Items", "{F3C73990-998D-4825-82BA-3A16A3F2D1DA}"
	ProjectSection(SolutionItems) = preProject
		.filenesting.json = .filenesting.json
	EndProjectSection
EndProject
Global
	GlobalSection(SolutionConfigurationPlatforms) = preSolution
		Debug|Any CPU = Debug|Any CPU
		Release|Any CPU = Release|Any CPU
	EndGlobalSection
	GlobalSection(ProjectConfigurationPlatforms) = postSolution
		{3199EE63-DD92-463A-8EA8-8A8569DD1F60}.Debug|Any CPU.ActiveCfg = Debug|Any CPU
		{3199EE63-DD92-463A-8EA8-8A8569DD1F60}.Debug|Any CPU.Build.0 = Debug|Any CPU
		{3199EE63-DD92-463A-8EA8-8A8569DD1F60}.Release|Any CPU.ActiveCfg = Release|Any CPU
		{3199EE63-DD92-463A-8EA8-8A8569DD1F60}.Release|Any CPU.Build.0 = Release|Any CPU
		{3133E8A9-BB6A-47C7-B677-74B45D18412B}.Debug|Any CPU.ActiveCfg = Debug|Any CPU
		{3133E8A9-BB6A-47C7-B677-74B45D18412B}.Debug|Any CPU.Build.0 = Debug|Any CPU
		{3133E8A9-BB6A-47C7-B677-74B45D18412B}.Release|Any CPU.ActiveCfg = Release|Any CPU
		{3133E8A9-BB6A-47C7-B677-74B45D18412B}.Release|Any CPU.Build.0 = Release|Any CPU
		{76BCB7A3-5C8F-49ED-8C41-289F6DEAB2E7}.Debug|Any CPU.ActiveCfg = Debug|Any CPU
		{76BCB7A3-5C8F-49ED-8C41-289F6DEAB2E7}.Debug|Any CPU.Build.0 = Debug|Any CPU
		{76BCB7A3-5C8F-49ED-8C41-289F6DEAB2E7}.Release|Any CPU.ActiveCfg = Release|Any CPU
		{76BCB7A3-5C8F-49ED-8C41-289F6DEAB2E7}.Release|Any CPU.Build.0 = Release|Any CPU
		{DC047B38-9CFD-4A80-8D60-4F2DE183E018}.Debug|Any CPU.ActiveCfg = Debug|Any CPU
		{DC047B38-9CFD-4A80-8D60-4F2DE183E018}.Debug|Any CPU.Build.0 = Debug|Any CPU
		{DC047B38-9CFD-4A80-8D60-4F2DE183E018}.Release|Any CPU.ActiveCfg = Release|Any CPU
		{DC047B38-9CFD-4A80-8D60-4F2DE183E018}.Release|Any CPU.Build.0 = Release|Any CPU
		{9E578990-21F4-4D46-8650-A822F10A6194}.Debug|Any CPU.ActiveCfg = Debug|Any CPU
		{9E578990-21F4-4D46-8650-A822F10A6194}.Debug|Any CPU.Build.0 = Debug|Any CPU
		{9E578990-21F4-4D46-8650-A822F10A6194}.Release|Any CPU.ActiveCfg = Release|Any CPU
		{9E578990-21F4-4D46-8650-A822F10A6194}.Release|Any CPU.Build.0 = Release|Any CPU
	EndGlobalSection
	GlobalSection(SolutionProperties) = preSolution
		HideSolutionNode = FALSE
	EndGlobalSection
	GlobalSection(NestedProjects) = preSolution
		{DC047B38-9CFD-4A80-8D60-4F2DE183E018} = {221F8023-4523-4E83-87A6-6B954548938F}
		{9E578990-21F4-4D46-8650-A822F10A6194} = {221F8023-4523-4E83-87A6-6B954548938F}
	EndGlobalSection
	GlobalSection(ExtensibilityGlobals) = postSolution
		SolutionGuid = {A4523519-307B-4029-B414-72113FA8DCF1}
	EndGlobalSection
EndGlobal
